
Microsoft Visual Studio Solution File, Format Version 12.00
# Visual Studio 15
VisualStudioVersion = 15.0.26730.16
MinimumVisualStudioVersion = 10.0.40219.1
Project("{FAE04EC0-301F-11D3-BF4B-00C04F79EFBC}") = "func_action_linq", "func_action_linq\func_action_linq.csproj", "{349D7702-A742-42B4-A4BC-08EA2C35A103}"
EndProject
Global
	GlobalSection(SolutionConfigurationPlatforms) = preSolution
		Debug|Any CPU = Debug|Any CPU
		Release|Any CPU = Release|Any CPU
	EndGlobalSection
	GlobalSection(ProjectConfigurationPlatforms) = postSolution
		{349D7702-A742-42B4-A4BC-08EA2C35A103}.Debug|Any CPU.ActiveCfg = Debug|Any CPU
		{349D7702-A742-42B4-A4BC-08EA2C35A103}.Debug|Any CPU.Build.0 = Debug|Any CPU
		{349D7702-A742-42B4-A4BC-08EA2C35A103}.Release|Any CPU.ActiveCfg = Release|Any CPU
		{349D7702-A742-42B4-A4BC-08EA2C35A103}.Release|Any CPU.Build.0 = Release|Any CPU
	EndGlobalSection
	GlobalSection(SolutionProperties) = preSolution
		HideSolutionNode = FALSE
	EndGlobalSection
	GlobalSection(ExtensibilityGlobals) = postSolution
		SolutionGuid = {FCEA58B1-DBA0-4D38-90DB-90CEA3870458}
	EndGlobalSection
EndGlobal
